// !$*UTF8*$!
{
	archiveVersion = 1;
	classes = {
	};
	objectVersion = 56;
	objects = {

/* Begin PBXBuildFile section */
		A16F55B12B7BC48F0084E06D /* UIViewController.swift in Sources */ = {isa = PBXBuildFile; fileRef = A16F55B02B7BC48F0084E06D /* UIViewController.swift */; };
		A16F55B32B7BC4E50084E06D /* ImageNames.swift in Sources */ = {isa = PBXBuildFile; fileRef = A16F55B22B7BC4E50084E06D /* ImageNames.swift */; };
		A16F55B52B7BC58F0084E06D /* ViewIdentifiers.swift in Sources */ = {isa = PBXBuildFile; fileRef = A16F55B42B7BC58F0084E06D /* ViewIdentifiers.swift */; };
		A16F55B72B7BC95C0084E06D /* ColorNames.swift in Sources */ = {isa = PBXBuildFile; fileRef = A16F55B62B7BC95C0084E06D /* ColorNames.swift */; };
		A1A046632B7CC59A00D83199 /* PTSans-Regular.ttf in Resources */ = {isa = PBXBuildFile; fileRef = A1A0465F2B7CC59900D83199 /* PTSans-Regular.ttf */; };
		A1A0466A2B7CCDB800D83199 /* PTSans-Bold.ttf in Resources */ = {isa = PBXBuildFile; fileRef = A1A046672B7CCDB700D83199 /* PTSans-Bold.ttf */; };
		A1A0466B2B7CCDB800D83199 /* PTSans-BoldItalic.ttf in Resources */ = {isa = PBXBuildFile; fileRef = A1A046682B7CCDB700D83199 /* PTSans-BoldItalic.ttf */; };
		A1A0466C2B7CCDB800D83199 /* PTSans-Italic.ttf in Resources */ = {isa = PBXBuildFile; fileRef = A1A046692B7CCDB800D83199 /* PTSans-Italic.ttf */; };
		A1A046732B7D11FB00D83199 /* ADDesctiptionPageController.swift in Sources */ = {isa = PBXBuildFile; fileRef = A1A046722B7D11FB00D83199 /* ADDesctiptionPageController.swift */; };
		A1A046752B7D162400D83199 /* ADDesctiptionViewController.swift in Sources */ = {isa = PBXBuildFile; fileRef = A1A046742B7D162400D83199 /* ADDesctiptionViewController.swift */; };
		A1A0467B2B7D180600D83199 /* ADDesctiptionViewController.xib in Resources */ = {isa = PBXBuildFile; fileRef = A1A0467A2B7D180600D83199 /* ADDesctiptionViewController.xib */; };
		A1A0467D2B7D269800D83199 /* UIView.swift in Sources */ = {isa = PBXBuildFile; fileRef = A1A0467C2B7D269800D83199 /* UIView.swift */; };
		A1A0467F2B7D2A1800D83199 /* EntityNames.swift in Sources */ = {isa = PBXBuildFile; fileRef = A1A0467E2B7D2A1800D83199 /* EntityNames.swift */; };
		A1A046812B7D2DF900D83199 /* PersistenceManager.swift in Sources */ = {isa = PBXBuildFile; fileRef = A1A046802B7D2DF900D83199 /* PersistenceManager.swift */; };
		A1A046832B7D329300D83199 /* DateUtils.swift in Sources */ = {isa = PBXBuildFile; fileRef = A1A046822B7D329300D83199 /* DateUtils.swift */; };
		A1A046852B7D33E000D83199 /* StyleManager.swift in Sources */ = {isa = PBXBuildFile; fileRef = A1A046842B7D33E000D83199 /* StyleManager.swift */; };
		A1A046872B7D3ACC00D83199 /* ImageDownloader.swift in Sources */ = {isa = PBXBuildFile; fileRef = A1A046862B7D3ACC00D83199 /* ImageDownloader.swift */; };
		A1A046892B7D3EFC00D83199 /* Fonts.swift in Sources */ = {isa = PBXBuildFile; fileRef = A1A046882B7D3EFC00D83199 /* Fonts.swift */; };
		A1A0468B2B7D417200D83199 /* DisplayStrings.swift in Sources */ = {isa = PBXBuildFile; fileRef = A1A0468A2B7D417200D83199 /* DisplayStrings.swift */; };
		A1A0468D2B7D435A00D83199 /* KeyStrings.swift in Sources */ = {isa = PBXBuildFile; fileRef = A1A0468C2B7D435A00D83199 /* KeyStrings.swift */; };
		A1D3166C2B7B73DF000C69D4 /* AppDelegate.swift in Sources */ = {isa = PBXBuildFile; fileRef = A1D3166B2B7B73DF000C69D4 /* AppDelegate.swift */; };
		A1D3166E2B7B73DF000C69D4 /* SceneDelegate.swift in Sources */ = {isa = PBXBuildFile; fileRef = A1D3166D2B7B73DF000C69D4 /* SceneDelegate.swift */; };
		A1D316702B7B73DF000C69D4 /* MainListViewController.swift in Sources */ = {isa = PBXBuildFile; fileRef = A1D3166F2B7B73DF000C69D4 /* MainListViewController.swift */; };
		A1D316732B7B73DF000C69D4 /* Main.storyboard in Resources */ = {isa = PBXBuildFile; fileRef = A1D316712B7B73DF000C69D4 /* Main.storyboard */; };
		A1D316762B7B73DF000C69D4 /* KPDemoExercise.xcdatamodeld in Sources */ = {isa = PBXBuildFile; fileRef = A1D316742B7B73DF000C69D4 /* KPDemoExercise.xcdatamodeld */; };
		A1D316782B7B73E1000C69D4 /* Images.xcassets in Resources */ = {isa = PBXBuildFile; fileRef = A1D316772B7B73E1000C69D4 /* Images.xcassets */; };
		A1D3167B2B7B73E1000C69D4 /* LaunchScreen.storyboard in Resources */ = {isa = PBXBuildFile; fileRef = A1D316792B7B73E1000C69D4 /* LaunchScreen.storyboard */; };
		A1D316A42B7B9AF3000C69D4 /* Colors.xcassets in Resources */ = {isa = PBXBuildFile; fileRef = A1D316A32B7B9AF3000C69D4 /* Colors.xcassets */; };
		A1D316AB2B7BAD17000C69D4 /* ADTableViewCell.swift in Sources */ = {isa = PBXBuildFile; fileRef = A1D316A92B7BAD17000C69D4 /* ADTableViewCell.swift */; };
		A1D316AC2B7BAD17000C69D4 /* ADTableViewCell.xib in Resources */ = {isa = PBXBuildFile; fileRef = A1D316AA2B7BAD17000C69D4 /* ADTableViewCell.xib */; };
		A1D316AF2B7BAF2A000C69D4 /* oglasi.json in Resources */ = {isa = PBXBuildFile; fileRef = A1D316AE2B7BAF2A000C69D4 /* oglasi.json */; };
		A1D316B12B7BAF96000C69D4 /* JsonDataLoader.swift in Sources */ = {isa = PBXBuildFile; fileRef = A1D316B02B7BAF96000C69D4 /* JsonDataLoader.swift */; };
		A1D316B42B7BB21A000C69D4 /* JsonFileData.swift in Sources */ = {isa = PBXBuildFile; fileRef = A1D316B32B7BB21A000C69D4 /* JsonFileData.swift */; };
		A1D316B62B7BB24F000C69D4 /* ADDetails.swift in Sources */ = {isa = PBXBuildFile; fileRef = A1D316B52B7BB24F000C69D4 /* ADDetails.swift */; };
		A1D316B82B7BB277000C69D4 /* ADList.swift in Sources */ = {isa = PBXBuildFile; fileRef = A1D316B72B7BB277000C69D4 /* ADList.swift */; };
		A1D316BA2B7BB2A4000C69D4 /* ADData.swift in Sources */ = {isa = PBXBuildFile; fileRef = A1D316B92B7BB2A4000C69D4 /* ADData.swift */; };
		A1D316C42B7BB79F000C69D4 /* AdDescription+CoreDataClass.swift in Sources */ = {isa = PBXBuildFile; fileRef = A1D316C22B7BB79F000C69D4 /* AdDescription+CoreDataClass.swift */; };
		A1D316C52B7BB79F000C69D4 /* AdDescription+CoreDataProperties.swift in Sources */ = {isa = PBXBuildFile; fileRef = A1D316C32B7BB79F000C69D4 /* AdDescription+CoreDataProperties.swift */; };
		A1D316C82B7BBA94000C69D4 /* MainListViewModel.swift in Sources */ = {isa = PBXBuildFile; fileRef = A1D316C72B7BBA94000C69D4 /* MainListViewModel.swift */; };
/* End PBXBuildFile section */

/* Begin PBXFileReference section */
		A16F55B02B7BC48F0084E06D /* UIViewController.swift */ = {isa = PBXFileReference; lastKnownFileType = sourcecode.swift; path = UIViewController.swift; sourceTree = "<group>"; };
		A16F55B22B7BC4E50084E06D /* ImageNames.swift */ = {isa = PBXFileReference; lastKnownFileType = sourcecode.swift; path = ImageNames.swift; sourceTree = "<group>"; };
		A16F55B42B7BC58F0084E06D /* ViewIdentifiers.swift */ = {isa = PBXFileReference; lastKnownFileType = sourcecode.swift; path = ViewIdentifiers.swift; sourceTree = "<group>"; };
		A16F55B62B7BC95C0084E06D /* ColorNames.swift */ = {isa = PBXFileReference; lastKnownFileType = sourcecode.swift; path = ColorNames.swift; sourceTree = "<group>"; };
		A1A0465F2B7CC59900D83199 /* PTSans-Regular.ttf */ = {isa = PBXFileReference; lastKnownFileType = file; path = "PTSans-Regular.ttf"; sourceTree = "<group>"; };
		A1A046672B7CCDB700D83199 /* PTSans-Bold.ttf */ = {isa = PBXFileReference; lastKnownFileType = file; path = "PTSans-Bold.ttf"; sourceTree = "<group>"; };
		A1A046682B7CCDB700D83199 /* PTSans-BoldItalic.ttf */ = {isa = PBXFileReference; lastKnownFileType = file; path = "PTSans-BoldItalic.ttf"; sourceTree = "<group>"; };
		A1A046692B7CCDB800D83199 /* PTSans-Italic.ttf */ = {isa = PBXFileReference; lastKnownFileType = file; path = "PTSans-Italic.ttf"; sourceTree = "<group>"; };
		A1A046722B7D11FB00D83199 /* ADDesctiptionPageController.swift */ = {isa = PBXFileReference; lastKnownFileType = sourcecode.swift; path = ADDesctiptionPageController.swift; sourceTree = "<group>"; };
		A1A046742B7D162400D83199 /* ADDesctiptionViewController.swift */ = {isa = PBXFileReference; lastKnownFileType = sourcecode.swift; path = ADDesctiptionViewController.swift; sourceTree = "<group>"; };
		A1A0467A2B7D180600D83199 /* ADDesctiptionViewController.xib */ = {isa = PBXFileReference; lastKnownFileType = file.xib; path = ADDesctiptionViewController.xib; sourceTree = "<group>"; };
		A1A0467C2B7D269800D83199 /* UIView.swift */ = {isa = PBXFileReference; lastKnownFileType = sourcecode.swift; path = UIView.swift; sourceTree = "<group>"; };
		A1A0467E2B7D2A1800D83199 /* EntityNames.swift */ = {isa = PBXFileReference; lastKnownFileType = sourcecode.swift; path = EntityNames.swift; sourceTree = "<group>"; };
		A1A046802B7D2DF900D83199 /* PersistenceManager.swift */ = {isa = PBXFileReference; lastKnownFileType = sourcecode.swift; path = PersistenceManager.swift; sourceTree = "<group>"; };
		A1A046822B7D329300D83199 /* DateUtils.swift */ = {isa = PBXFileReference; lastKnownFileType = sourcecode.swift; path = DateUtils.swift; sourceTree = "<group>"; };
		A1A046842B7D33E000D83199 /* StyleManager.swift */ = {isa = PBXFileReference; lastKnownFileType = sourcecode.swift; path = StyleManager.swift; sourceTree = "<group>"; };
		A1A046862B7D3ACC00D83199 /* ImageDownloader.swift */ = {isa = PBXFileReference; lastKnownFileType = sourcecode.swift; path = ImageDownloader.swift; sourceTree = "<group>"; };
		A1A046882B7D3EFC00D83199 /* Fonts.swift */ = {isa = PBXFileReference; lastKnownFileType = sourcecode.swift; path = Fonts.swift; sourceTree = "<group>"; };
		A1A0468A2B7D417200D83199 /* DisplayStrings.swift */ = {isa = PBXFileReference; lastKnownFileType = sourcecode.swift; path = DisplayStrings.swift; sourceTree = "<group>"; };
		A1A0468C2B7D435A00D83199 /* KeyStrings.swift */ = {isa = PBXFileReference; lastKnownFileType = sourcecode.swift; path = KeyStrings.swift; sourceTree = "<group>"; };
		A1D316682B7B73DF000C69D4 /* KPDemoExercise.app */ = {isa = PBXFileReference; explicitFileType = wrapper.application; includeInIndex = 0; path = KPDemoExercise.app; sourceTree = BUILT_PRODUCTS_DIR; };
		A1D3166B2B7B73DF000C69D4 /* AppDelegate.swift */ = {isa = PBXFileReference; lastKnownFileType = sourcecode.swift; path = AppDelegate.swift; sourceTree = "<group>"; };
		A1D3166D2B7B73DF000C69D4 /* SceneDelegate.swift */ = {isa = PBXFileReference; lastKnownFileType = sourcecode.swift; path = SceneDelegate.swift; sourceTree = "<group>"; };
		A1D3166F2B7B73DF000C69D4 /* MainListViewController.swift */ = {isa = PBXFileReference; lastKnownFileType = sourcecode.swift; path = MainListViewController.swift; sourceTree = "<group>"; };
		A1D316722B7B73DF000C69D4 /* Base */ = {isa = PBXFileReference; lastKnownFileType = file.storyboard; name = Base; path = Base.lproj/Main.storyboard; sourceTree = "<group>"; };
		A1D316752B7B73DF000C69D4 /* KPDemoExercise.xcdatamodel */ = {isa = PBXFileReference; lastKnownFileType = wrapper.xcdatamodel; path = KPDemoExercise.xcdatamodel; sourceTree = "<group>"; };
		A1D316772B7B73E1000C69D4 /* Images.xcassets */ = {isa = PBXFileReference; lastKnownFileType = folder.assetcatalog; path = Images.xcassets; sourceTree = "<group>"; };
		A1D3167A2B7B73E1000C69D4 /* Base */ = {isa = PBXFileReference; lastKnownFileType = file.storyboard; name = Base; path = Base.lproj/LaunchScreen.storyboard; sourceTree = "<group>"; };
		A1D3167C2B7B73E1000C69D4 /* Info.plist */ = {isa = PBXFileReference; lastKnownFileType = text.plist.xml; path = Info.plist; sourceTree = "<group>"; };
		A1D316A32B7B9AF3000C69D4 /* Colors.xcassets */ = {isa = PBXFileReference; lastKnownFileType = folder.assetcatalog; path = Colors.xcassets; sourceTree = "<group>"; };
		A1D316A92B7BAD17000C69D4 /* ADTableViewCell.swift */ = {isa = PBXFileReference; lastKnownFileType = sourcecode.swift; path = ADTableViewCell.swift; sourceTree = "<group>"; };
		A1D316AA2B7BAD17000C69D4 /* ADTableViewCell.xib */ = {isa = PBXFileReference; lastKnownFileType = file.xib; path = ADTableViewCell.xib; sourceTree = "<group>"; };
		A1D316AE2B7BAF2A000C69D4 /* oglasi.json */ = {isa = PBXFileReference; fileEncoding = 4; lastKnownFileType = text.json; path = oglasi.json; sourceTree = "<group>"; };
		A1D316B02B7BAF96000C69D4 /* JsonDataLoader.swift */ = {isa = PBXFileReference; lastKnownFileType = sourcecode.swift; path = JsonDataLoader.swift; sourceTree = "<group>"; };
		A1D316B32B7BB21A000C69D4 /* JsonFileData.swift */ = {isa = PBXFileReference; lastKnownFileType = sourcecode.swift; path = JsonFileData.swift; sourceTree = "<group>"; };
		A1D316B52B7BB24F000C69D4 /* ADDetails.swift */ = {isa = PBXFileReference; lastKnownFileType = sourcecode.swift; path = ADDetails.swift; sourceTree = "<group>"; };
		A1D316B72B7BB277000C69D4 /* ADList.swift */ = {isa = PBXFileReference; lastKnownFileType = sourcecode.swift; path = ADList.swift; sourceTree = "<group>"; };
		A1D316B92B7BB2A4000C69D4 /* ADData.swift */ = {isa = PBXFileReference; lastKnownFileType = sourcecode.swift; path = ADData.swift; sourceTree = "<group>"; };
		A1D316C22B7BB79F000C69D4 /* AdDescription+CoreDataClass.swift */ = {isa = PBXFileReference; lastKnownFileType = sourcecode.swift; path = "AdDescription+CoreDataClass.swift"; sourceTree = "<group>"; };
		A1D316C32B7BB79F000C69D4 /* AdDescription+CoreDataProperties.swift */ = {isa = PBXFileReference; lastKnownFileType = sourcecode.swift; path = "AdDescription+CoreDataProperties.swift"; sourceTree = "<group>"; };
		A1D316C72B7BBA94000C69D4 /* MainListViewModel.swift */ = {isa = PBXFileReference; lastKnownFileType = sourcecode.swift; path = MainListViewModel.swift; sourceTree = "<group>"; };
/* End PBXFileReference section */

/* Begin PBXFrameworksBuildPhase section */
		A1D316652B7B73DF000C69D4 /* Frameworks */ = {
			isa = PBXFrameworksBuildPhase;
			buildActionMask = 2147483647;
			files = (
			);
			runOnlyForDeploymentPostprocessing = 0;
		};
/* End PBXFrameworksBuildPhase section */

/* Begin PBXGroup section */
		A16F55AF2B7BC47E0084E06D /* Extensions */ = {
			isa = PBXGroup;
			children = (
				A16F55B02B7BC48F0084E06D /* UIViewController.swift */,
				A1A0467C2B7D269800D83199 /* UIView.swift */,
			);
			path = Extensions;
			sourceTree = "<group>";
		};
		A1A0465E2B7CC57800D83199 /* Fonts */ = {
			isa = PBXGroup;
			children = (
				A1A046672B7CCDB700D83199 /* PTSans-Bold.ttf */,
				A1A046682B7CCDB700D83199 /* PTSans-BoldItalic.ttf */,
				A1A046692B7CCDB800D83199 /* PTSans-Italic.ttf */,
				A1A0465F2B7CC59900D83199 /* PTSans-Regular.ttf */,
			);
			path = Fonts;
			sourceTree = "<group>";
		};
		A1D3165F2B7B73DF000C69D4 = {
			isa = PBXGroup;
			children = (
				A1D3166A2B7B73DF000C69D4 /* KPDemoExercise */,
				A1D316692B7B73DF000C69D4 /* Products */,
			);
			sourceTree = "<group>";
		};
		A1D316692B7B73DF000C69D4 /* Products */ = {
			isa = PBXGroup;
			children = (
				A1D316682B7B73DF000C69D4 /* KPDemoExercise.app */,
			);
			name = Products;
			sourceTree = "<group>";
		};
		A1D3166A2B7B73DF000C69D4 /* KPDemoExercise */ = {
			isa = PBXGroup;
			children = (
				A1A0465E2B7CC57800D83199 /* Fonts */,
				A16F55AF2B7BC47E0084E06D /* Extensions */,
				A1D316CF2B7BC39C000C69D4 /* Assets */,
				A1D316CE2B7BC387000C69D4 /* Constants */,
				A1D316CD2B7BC377000C69D4 /* Utils */,
				A1D316C12B7BB789000C69D4 /* Entities */,
				A1D316B22B7BB202000C69D4 /* Decodables */,
				A1D3169C2B7B9405000C69D4 /* UI */,
				A1D3166B2B7B73DF000C69D4 /* AppDelegate.swift */,
				A1D3166D2B7B73DF000C69D4 /* SceneDelegate.swift */,
				A1D3167C2B7B73E1000C69D4 /* Info.plist */,
				A1D316742B7B73DF000C69D4 /* KPDemoExercise.xcdatamodeld */,
				A1D316AE2B7BAF2A000C69D4 /* oglasi.json */,
			);
			path = KPDemoExercise;
			sourceTree = "<group>";
		};
		A1D3169C2B7B9405000C69D4 /* UI */ = {
			isa = PBXGroup;
			children = (
				A1D316CC2B7BC350000C69D4 /* Controllers */,
				A1D316CB2B7BC33C000C69D4 /* Views */,
				A1D316C62B7BBA69000C69D4 /* Models */,
			);
			path = UI;
			sourceTree = "<group>";
		};
		A1D316AD2B7BAEF8000C69D4 /* ADTableViewCell */ = {
			isa = PBXGroup;
			children = (
				A1D316A92B7BAD17000C69D4 /* ADTableViewCell.swift */,
				A1D316AA2B7BAD17000C69D4 /* ADTableViewCell.xib */,
			);
			path = ADTableViewCell;
			sourceTree = "<group>";
		};
		A1D316B22B7BB202000C69D4 /* Decodables */ = {
			isa = PBXGroup;
			children = (
				A1D316B32B7BB21A000C69D4 /* JsonFileData.swift */,
				A1D316B52B7BB24F000C69D4 /* ADDetails.swift */,
				A1D316B72B7BB277000C69D4 /* ADList.swift */,
				A1D316B92B7BB2A4000C69D4 /* ADData.swift */,
			);
			path = Decodables;
			sourceTree = "<group>";
		};
		A1D316C12B7BB789000C69D4 /* Entities */ = {
			isa = PBXGroup;
			children = (
				A1D316C22B7BB79F000C69D4 /* AdDescription+CoreDataClass.swift */,
				A1D316C32B7BB79F000C69D4 /* AdDescription+CoreDataProperties.swift */,
			);
			path = Entities;
			sourceTree = "<group>";
		};
		A1D316C62B7BBA69000C69D4 /* Models */ = {
			isa = PBXGroup;
			children = (
				A1D316C72B7BBA94000C69D4 /* MainListViewModel.swift */,
			);
			path = Models;
			sourceTree = "<group>";
		};
		A1D316CB2B7BC33C000C69D4 /* Views */ = {
			isa = PBXGroup;
			children = (
				A1D316712B7B73DF000C69D4 /* Main.storyboard */,
				A1D316792B7B73E1000C69D4 /* LaunchScreen.storyboard */,
				A1D316AD2B7BAEF8000C69D4 /* ADTableViewCell */,
				A1A0467A2B7D180600D83199 /* ADDesctiptionViewController.xib */,
			);
			path = Views;
			sourceTree = "<group>";
		};
		A1D316CC2B7BC350000C69D4 /* Controllers */ = {
			isa = PBXGroup;
			children = (
				A1D3166F2B7B73DF000C69D4 /* MainListViewController.swift */,
				A1A046722B7D11FB00D83199 /* ADDesctiptionPageController.swift */,
				A1A046742B7D162400D83199 /* ADDesctiptionViewController.swift */,
			);
			path = Controllers;
			sourceTree = "<group>";
		};
		A1D316CD2B7BC377000C69D4 /* Utils */ = {
			isa = PBXGroup;
			children = (
				A1D316B02B7BAF96000C69D4 /* JsonDataLoader.swift */,
				A1A046802B7D2DF900D83199 /* PersistenceManager.swift */,
				A1A046822B7D329300D83199 /* DateUtils.swift */,
				A1A046842B7D33E000D83199 /* StyleManager.swift */,
				A1A046862B7D3ACC00D83199 /* ImageDownloader.swift */,
			);
			path = Utils;
			sourceTree = "<group>";
		};
		A1D316CE2B7BC387000C69D4 /* Constants */ = {
			isa = PBXGroup;
			children = (
				A16F55B22B7BC4E50084E06D /* ImageNames.swift */,
				A16F55B42B7BC58F0084E06D /* ViewIdentifiers.swift */,
				A16F55B62B7BC95C0084E06D /* ColorNames.swift */,
				A1A0467E2B7D2A1800D83199 /* EntityNames.swift */,
				A1A046882B7D3EFC00D83199 /* Fonts.swift */,
				A1A0468A2B7D417200D83199 /* DisplayStrings.swift */,
				A1A0468C2B7D435A00D83199 /* KeyStrings.swift */,
			);
			path = Constants;
			sourceTree = "<group>";
		};
		A1D316CF2B7BC39C000C69D4 /* Assets */ = {
			isa = PBXGroup;
			children = (
				A1D316A32B7B9AF3000C69D4 /* Colors.xcassets */,
				A1D316772B7B73E1000C69D4 /* Images.xcassets */,
			);
			path = Assets;
			sourceTree = "<group>";
		};
/* End PBXGroup section */

/* Begin PBXNativeTarget section */
		A1D316672B7B73DF000C69D4 /* KPDemoExercise */ = {
			isa = PBXNativeTarget;
			buildConfigurationList = A1D3167F2B7B73E1000C69D4 /* Build configuration list for PBXNativeTarget "KPDemoExercise" */;
			buildPhases = (
				A1D316642B7B73DF000C69D4 /* Sources */,
				A1D316652B7B73DF000C69D4 /* Frameworks */,
				A1D316662B7B73DF000C69D4 /* Resources */,
			);
			buildRules = (
			);
			dependencies = (
			);
			name = KPDemoExercise;
			productName = KPDemoExercise;
			productReference = A1D316682B7B73DF000C69D4 /* KPDemoExercise.app */;
			productType = "com.apple.product-type.application";
		};
/* End PBXNativeTarget section */

/* Begin PBXProject section */
		A1D316602B7B73DF000C69D4 /* Project object */ = {
			isa = PBXProject;
			attributes = {
				BuildIndependentTargetsInParallel = 1;
				LastSwiftUpdateCheck = 1500;
				LastUpgradeCheck = 1500;
				TargetAttributes = {
					A1D316672B7B73DF000C69D4 = {
						CreatedOnToolsVersion = 15.0.1;
					};
				};
			};
			buildConfigurationList = A1D316632B7B73DF000C69D4 /* Build configuration list for PBXProject "KPDemoExercise" */;
			compatibilityVersion = "Xcode 14.0";
			developmentRegion = en;
			hasScannedForEncodings = 0;
			knownRegions = (
				en,
				Base,
			);
			mainGroup = A1D3165F2B7B73DF000C69D4;
			productRefGroup = A1D316692B7B73DF000C69D4 /* Products */;
			projectDirPath = "";
			projectRoot = "";
			targets = (
				A1D316672B7B73DF000C69D4 /* KPDemoExercise */,
			);
		};
/* End PBXProject section */

/* Begin PBXResourcesBuildPhase section */
		A1D316662B7B73DF000C69D4 /* Resources */ = {
			isa = PBXResourcesBuildPhase;
			buildActionMask = 2147483647;
			files = (
				A1D316AC2B7BAD17000C69D4 /* ADTableViewCell.xib in Resources */,
				A1D3167B2B7B73E1000C69D4 /* LaunchScreen.storyboard in Resources */,
				A1A0466B2B7CCDB800D83199 /* PTSans-BoldItalic.ttf in Resources */,
				A1A0466A2B7CCDB800D83199 /* PTSans-Bold.ttf in Resources */,
				A1D316AF2B7BAF2A000C69D4 /* oglasi.json in Resources */,
				A1A0467B2B7D180600D83199 /* ADDesctiptionViewController.xib in Resources */,
				A1D316A42B7B9AF3000C69D4 /* Colors.xcassets in Resources */,
				A1D316782B7B73E1000C69D4 /* Images.xcassets in Resources */,
				A1A0466C2B7CCDB800D83199 /* PTSans-Italic.ttf in Resources */,
				A1D316732B7B73DF000C69D4 /* Main.storyboard in Resources */,
				A1A046632B7CC59A00D83199 /* PTSans-Regular.ttf in Resources */,
			);
			runOnlyForDeploymentPostprocessing = 0;
		};
/* End PBXResourcesBuildPhase section */

/* Begin PBXSourcesBuildPhase section */
		A1D316642B7B73DF000C69D4 /* Sources */ = {
			isa = PBXSourcesBuildPhase;
			buildActionMask = 2147483647;
			files = (
				A1A0467F2B7D2A1800D83199 /* EntityNames.swift in Sources */,
				A1A0467D2B7D269800D83199 /* UIView.swift in Sources */,
				A1A046892B7D3EFC00D83199 /* Fonts.swift in Sources */,
				A1A046732B7D11FB00D83199 /* ADDesctiptionPageController.swift in Sources */,
				A1A046832B7D329300D83199 /* DateUtils.swift in Sources */,
				A1D316702B7B73DF000C69D4 /* MainListViewController.swift in Sources */,
				A1A0468D2B7D435A00D83199 /* KeyStrings.swift in Sources */,
				A1D316B42B7BB21A000C69D4 /* JsonFileData.swift in Sources */,
				A16F55B32B7BC4E50084E06D /* ImageNames.swift in Sources */,
				A1D316B12B7BAF96000C69D4 /* JsonDataLoader.swift in Sources */,
				A1D316C82B7BBA94000C69D4 /* MainListViewModel.swift in Sources */,
				A1D316BA2B7BB2A4000C69D4 /* ADData.swift in Sources */,
				A1A046812B7D2DF900D83199 /* PersistenceManager.swift in Sources */,
				A1A0468B2B7D417200D83199 /* DisplayStrings.swift in Sources */,
				A1A046872B7D3ACC00D83199 /* ImageDownloader.swift in Sources */,
				A1A046752B7D162400D83199 /* ADDesctiptionViewController.swift in Sources */,
				A16F55B72B7BC95C0084E06D /* ColorNames.swift in Sources */,
				A1D316AB2B7BAD17000C69D4 /* ADTableViewCell.swift in Sources */,
				A1D3166C2B7B73DF000C69D4 /* AppDelegate.swift in Sources */,
				A16F55B52B7BC58F0084E06D /* ViewIdentifiers.swift in Sources */,
				A1D316B62B7BB24F000C69D4 /* ADDetails.swift in Sources */,
				A1A046852B7D33E000D83199 /* StyleManager.swift in Sources */,
				A1D316C52B7BB79F000C69D4 /* AdDescription+CoreDataProperties.swift in Sources */,
				A1D3166E2B7B73DF000C69D4 /* SceneDelegate.swift in Sources */,
				A1D316762B7B73DF000C69D4 /* KPDemoExercise.xcdatamodeld in Sources */,
				A1D316B82B7BB277000C69D4 /* ADList.swift in Sources */,
				A1D316C42B7BB79F000C69D4 /* AdDescription+CoreDataClass.swift in Sources */,
				A16F55B12B7BC48F0084E06D /* UIViewController.swift in Sources */,
			);
			runOnlyForDeploymentPostprocessing = 0;
		};
/* End PBXSourcesBuildPhase section */

/* Begin PBXVariantGroup section */
		A1D316712B7B73DF000C69D4 /* Main.storyboard */ = {
			isa = PBXVariantGroup;
			children = (
				A1D316722B7B73DF000C69D4 /* Base */,
			);
			name = Main.storyboard;
			sourceTree = "<group>";
		};
		A1D316792B7B73E1000C69D4 /* LaunchScreen.storyboard */ = {
			isa = PBXVariantGroup;
			children = (
				A1D3167A2B7B73E1000C69D4 /* Base */,
			);
			name = LaunchScreen.storyboard;
			sourceTree = "<group>";
		};
/* End PBXVariantGroup section */

/* Begin XCBuildConfiguration section */
		A1D3167D2B7B73E1000C69D4 /* Debug */ = {
			isa = XCBuildConfiguration;
			buildSettings = {
				ALWAYS_SEARCH_USER_PATHS = NO;
				ASSETCATALOG_COMPILER_GENERATE_SWIFT_ASSET_SYMBOL_EXTENSIONS = YES;
				CLANG_ANALYZER_NONNULL = YES;
				CLANG_ANALYZER_NUMBER_OBJECT_CONVERSION = YES_AGGRESSIVE;
				CLANG_CXX_LANGUAGE_STANDARD = "gnu++20";
				CLANG_ENABLE_MODULES = YES;
				CLANG_ENABLE_OBJC_ARC = YES;
				CLANG_ENABLE_OBJC_WEAK = YES;
				CLANG_WARN_BLOCK_CAPTURE_AUTORELEASING = YES;
				CLANG_WARN_BOOL_CONVERSION = YES;
				CLANG_WARN_COMMA = YES;
				CLANG_WARN_CONSTANT_CONVERSION = YES;
				CLANG_WARN_DEPRECATED_OBJC_IMPLEMENTATIONS = YES;
				CLANG_WARN_DIRECT_OBJC_ISA_USAGE = YES_ERROR;
				CLANG_WARN_DOCUMENTATION_COMMENTS = YES;
				CLANG_WARN_EMPTY_BODY = YES;
				CLANG_WARN_ENUM_CONVERSION = YES;
				CLANG_WARN_INFINITE_RECURSION = YES;
				CLANG_WARN_INT_CONVERSION = YES;
				CLANG_WARN_NON_LITERAL_NULL_CONVERSION = YES;
				CLANG_WARN_OBJC_IMPLICIT_RETAIN_SELF = YES;
				CLANG_WARN_OBJC_LITERAL_CONVERSION = YES;
				CLANG_WARN_OBJC_ROOT_CLASS = YES_ERROR;
				CLANG_WARN_QUOTED_INCLUDE_IN_FRAMEWORK_HEADER = YES;
				CLANG_WARN_RANGE_LOOP_ANALYSIS = YES;
				CLANG_WARN_STRICT_PROTOTYPES = YES;
				CLANG_WARN_SUSPICIOUS_MOVE = YES;
				CLANG_WARN_UNGUARDED_AVAILABILITY = YES_AGGRESSIVE;
				CLANG_WARN_UNREACHABLE_CODE = YES;
				CLANG_WARN__DUPLICATE_METHOD_MATCH = YES;
				COPY_PHASE_STRIP = NO;
				DEBUG_INFORMATION_FORMAT = dwarf;
				ENABLE_STRICT_OBJC_MSGSEND = YES;
				ENABLE_TESTABILITY = YES;
				ENABLE_USER_SCRIPT_SANDBOXING = YES;
				GCC_C_LANGUAGE_STANDARD = gnu17;
				GCC_DYNAMIC_NO_PIC = NO;
				GCC_NO_COMMON_BLOCKS = YES;
				GCC_OPTIMIZATION_LEVEL = 0;
				GCC_PREPROCESSOR_DEFINITIONS = (
					"DEBUG=1",
					"$(inherited)",
				);
				GCC_WARN_64_TO_32_BIT_CONVERSION = YES;
				GCC_WARN_ABOUT_RETURN_TYPE = YES_ERROR;
				GCC_WARN_UNDECLARED_SELECTOR = YES;
				GCC_WARN_UNINITIALIZED_AUTOS = YES_AGGRESSIVE;
				GCC_WARN_UNUSED_FUNCTION = YES;
				GCC_WARN_UNUSED_VARIABLE = YES;
				IPHONEOS_DEPLOYMENT_TARGET = 14.0;
				LOCALIZATION_PREFERS_STRING_CATALOGS = YES;
				MTL_ENABLE_DEBUG_INFO = INCLUDE_SOURCE;
				MTL_FAST_MATH = YES;
				ONLY_ACTIVE_ARCH = YES;
				SDKROOT = iphoneos;
				SWIFT_ACTIVE_COMPILATION_CONDITIONS = "DEBUG $(inherited)";
				SWIFT_OPTIMIZATION_LEVEL = "-Onone";
			};
			name = Debug;
		};
		A1D3167E2B7B73E1000C69D4 /* Release */ = {
			isa = XCBuildConfiguration;
			buildSettings = {
				ALWAYS_SEARCH_USER_PATHS = NO;
				ASSETCATALOG_COMPILER_GENERATE_SWIFT_ASSET_SYMBOL_EXTENSIONS = YES;
				CLANG_ANALYZER_NONNULL = YES;
				CLANG_ANALYZER_NUMBER_OBJECT_CONVERSION = YES_AGGRESSIVE;
				CLANG_CXX_LANGUAGE_STANDARD = "gnu++20";
				CLANG_ENABLE_MODULES = YES;
				CLANG_ENABLE_OBJC_ARC = YES;
				CLANG_ENABLE_OBJC_WEAK = YES;
				CLANG_WARN_BLOCK_CAPTURE_AUTORELEASING = YES;
				CLANG_WARN_BOOL_CONVERSION = YES;
				CLANG_WARN_COMMA = YES;
				CLANG_WARN_CONSTANT_CONVERSION = YES;
				CLANG_WARN_DEPRECATED_OBJC_IMPLEMENTATIONS = YES;
				CLANG_WARN_DIRECT_OBJC_ISA_USAGE = YES_ERROR;
				CLANG_WARN_DOCUMENTATION_COMMENTS = YES;
				CLANG_WARN_EMPTY_BODY = YES;
				CLANG_WARN_ENUM_CONVERSION = YES;
				CLANG_WARN_INFINITE_RECURSION = YES;
				CLANG_WARN_INT_CONVERSION = YES;
				CLANG_WARN_NON_LITERAL_NULL_CONVERSION = YES;
				CLANG_WARN_OBJC_IMPLICIT_RETAIN_SELF = YES;
				CLANG_WARN_OBJC_LITERAL_CONVERSION = YES;
				CLANG_WARN_OBJC_ROOT_CLASS = YES_ERROR;
				CLANG_WARN_QUOTED_INCLUDE_IN_FRAMEWORK_HEADER = YES;
				CLANG_WARN_RANGE_LOOP_ANALYSIS = YES;
				CLANG_WARN_STRICT_PROTOTYPES = YES;
				CLANG_WARN_SUSPICIOUS_MOVE = YES;
				CLANG_WARN_UNGUARDED_AVAILABILITY = YES_AGGRESSIVE;
				CLANG_WARN_UNREACHABLE_CODE = YES;
				CLANG_WARN__DUPLICATE_METHOD_MATCH = YES;
				COPY_PHASE_STRIP = NO;
				DEBUG_INFORMATION_FORMAT = "dwarf-with-dsym";
				ENABLE_NS_ASSERTIONS = NO;
				ENABLE_STRICT_OBJC_MSGSEND = YES;
				ENABLE_USER_SCRIPT_SANDBOXING = YES;
				GCC_C_LANGUAGE_STANDARD = gnu17;
				GCC_NO_COMMON_BLOCKS = YES;
				GCC_WARN_64_TO_32_BIT_CONVERSION = YES;
				GCC_WARN_ABOUT_RETURN_TYPE = YES_ERROR;
				GCC_WARN_UNDECLARED_SELECTOR = YES;
				GCC_WARN_UNINITIALIZED_AUTOS = YES_AGGRESSIVE;
				GCC_WARN_UNUSED_FUNCTION = YES;
				GCC_WARN_UNUSED_VARIABLE = YES;
				IPHONEOS_DEPLOYMENT_TARGET = 14.0;
				LOCALIZATION_PREFERS_STRING_CATALOGS = YES;
				MTL_ENABLE_DEBUG_INFO = NO;
				MTL_FAST_MATH = YES;
				SDKROOT = iphoneos;
				SWIFT_COMPILATION_MODE = wholemodule;
				VALIDATE_PRODUCT = YES;
			};
			name = Release;
		};
		A1D316802B7B73E1000C69D4 /* Debug */ = {
			isa = XCBuildConfiguration;
			buildSettings = {
				ASSETCATALOG_COMPILER_APPICON_NAME = AppIcon;
				ASSETCATALOG_COMPILER_GLOBAL_ACCENT_COLOR_NAME = AccentColor;
				CODE_SIGN_STYLE = Automatic;
				CURRENT_PROJECT_VERSION = 1;
				DEVELOPMENT_TEAM = AA3RMFX7UX;
				GENERATE_INFOPLIST_FILE = YES;
				INFOPLIST_FILE = KPDemoExercise/Info.plist;
				INFOPLIST_KEY_UIApplicationSupportsIndirectInputEvents = YES;
				INFOPLIST_KEY_UILaunchStoryboardName = LaunchScreen;
				INFOPLIST_KEY_UIMainStoryboardFile = Main;
				INFOPLIST_KEY_UISupportedInterfaceOrientations_iPad = "UIInterfaceOrientationPortrait UIInterfaceOrientationPortraitUpsideDown UIInterfaceOrientationLandscapeLeft UIInterfaceOrientationLandscapeRight";
				INFOPLIST_KEY_UISupportedInterfaceOrientations_iPhone = "UIInterfaceOrientationPortrait UIInterfaceOrientationLandscapeLeft UIInterfaceOrientationLandscapeRight";
				IPHONEOS_DEPLOYMENT_TARGET = 14.0;
				LD_RUNPATH_SEARCH_PATHS = (
					"$(inherited)",
					"@executable_path/Frameworks",
				);
				MARKETING_VERSION = 1.0;
				PRODUCT_BUNDLE_IDENTIFIER = com.lukastupar.KPDemoExercise;
				PRODUCT_NAME = "$(TARGET_NAME)";
				SWIFT_EMIT_LOC_STRINGS = YES;
				SWIFT_VERSION = 5.0;
				TARGETED_DEVICE_FAMILY = "1,2";
			};
			name = Debug;
		};
		A1D316812B7B73E1000C69D4 /* Release */ = {
			isa = XCBuildConfiguration;
			buildSettings = {
				ASSETCATALOG_COMPILER_APPICON_NAME = AppIcon;
				ASSETCATALOG_COMPILER_GLOBAL_ACCENT_COLOR_NAME = AccentColor;
				CODE_SIGN_STYLE = Automatic;
				CURRENT_PROJECT_VERSION = 1;
				DEVELOPMENT_TEAM = AA3RMFX7UX;
				GENERATE_INFOPLIST_FILE = YES;
				INFOPLIST_FILE = KPDemoExercise/Info.plist;
				INFOPLIST_KEY_UIApplicationSupportsIndirectInputEvents = YES;
				INFOPLIST_KEY_UILaunchStoryboardName = LaunchScreen;
				INFOPLIST_KEY_UIMainStoryboardFile = Main;
				INFOPLIST_KEY_UISupportedInterfaceOrientations_iPad = "UIInterfaceOrientationPortrait UIInterfaceOrientationPortraitUpsideDown UIInterfaceOrientationLandscapeLeft UIInterfaceOrientationLandscapeRight";
				INFOPLIST_KEY_UISupportedInterfaceOrientations_iPhone = "UIInterfaceOrientationPortrait UIInterfaceOrientationLandscapeLeft UIInterfaceOrientationLandscapeRight";
				IPHONEOS_DEPLOYMENT_TARGET = 14.0;
				LD_RUNPATH_SEARCH_PATHS = (
					"$(inherited)",
					"@executable_path/Frameworks",
				);
				MARKETING_VERSION = 1.0;
				PRODUCT_BUNDLE_IDENTIFIER = com.lukastupar.KPDemoExercise;
				PRODUCT_NAME = "$(TARGET_NAME)";
				SWIFT_EMIT_LOC_STRINGS = YES;
				SWIFT_VERSION = 5.0;
				TARGETED_DEVICE_FAMILY = "1,2";
			};
			name = Release;
		};
/* End XCBuildConfiguration section */

/* Begin XCConfigurationList section */
		A1D316632B7B73DF000C69D4 /* Build configuration list for PBXProject "KPDemoExercise" */ = {
			isa = XCConfigurationList;
			buildConfigurations = (
				A1D3167D2B7B73E1000C69D4 /* Debug */,
				A1D3167E2B7B73E1000C69D4 /* Release */,
			);
			defaultConfigurationIsVisible = 0;
			defaultConfigurationName = Release;
		};
		A1D3167F2B7B73E1000C69D4 /* Build configuration list for PBXNativeTarget "KPDemoExercise" */ = {
			isa = XCConfigurationList;
			buildConfigurations = (
				A1D316802B7B73E1000C69D4 /* Debug */,
				A1D316812B7B73E1000C69D4 /* Release */,
			);
			defaultConfigurationIsVisible = 0;
			defaultConfigurationName = Release;
		};
/* End XCConfigurationList section */

/* Begin XCVersionGroup section */
		A1D316742B7B73DF000C69D4 /* KPDemoExercise.xcdatamodeld */ = {
			isa = XCVersionGroup;
			children = (
				A1D316752B7B73DF000C69D4 /* KPDemoExercise.xcdatamodel */,
			);
			currentVersion = A1D316752B7B73DF000C69D4 /* KPDemoExercise.xcdatamodel */;
			path = KPDemoExercise.xcdatamodeld;
			sourceTree = "<group>";
			versionGroupType = wrapper.xcdatamodel;
		};
/* End XCVersionGroup section */
	};
	rootObject = A1D316602B7B73DF000C69D4 /* Project object */;
}
